
Microsoft Visual Studio Solution File, Format Version 12.00
# Visual Studio Version 16
VisualStudioVersion = 16.0.29418.71
MinimumVisualStudioVersion = 10.0.40219.1
Project("{FAE04EC0-301F-11D3-BF4B-00C04F79EFBC}") = "WindowsFormsApp1", "WindowsFormsApp1.csproj", "{5A17A280-0683-4735-8313-0F2CAAC5DFE1}"
EndProject
Global
	GlobalSection(SolutionConfigurationPlatforms) = preSolution
		Debug|Any CPU = Debug|Any CPU
		Release|Any CPU = Release|Any CPU
	EndGlobalSection
	GlobalSection(ProjectConfigurationPlatforms) = postSolution
		{5A17A280-0683-4735-8313-0F2CAAC5DFE1}.Debug|Any CPU.ActiveCfg = Debug|Any CPU
		{5A17A280-0683-4735-8313-0F2CAAC5DFE1}.Debug|Any CPU.Build.0 = Debug|Any CPU
		{5A17A280-0683-4735-8313-0F2CAAC5DFE1}.Release|Any CPU.ActiveCfg = Release|Any CPU
		{5A17A280-0683-4735-8313-0F2CAAC5DFE1}.Release|Any CPU.Build.0 = Release|Any CPU
	EndGlobalSection
	GlobalSection(SolutionProperties) = preSolution
		HideSolutionNode = FALSE
	EndGlobalSection
	GlobalSection(ExtensibilityGlobals) = postSolution
		SolutionGuid = {60352DBB-4289-47A3-A41E-150EBA96D360}
	EndGlobalSection
EndGlobal
